
Microsoft Visual Studio Solution File, Format Version 12.00
Project("{FAE04EC0-301F-11D3-BF4B-00C04F79EFBC}") = "ThreadPoolStarvationEmulator.App", "ThreadPoolStarvationEmulator.App\ThreadPoolStarvationEmulator.App.csproj", "{3D28F048-9DC8-4620-BE7E-FA02D10AE77C}"
EndProject
Project("{FAE04EC0-301F-11D3-BF4B-00C04F79EFBC}") = "AsyncMethodsExceptionHandling.App", "AsyncMethodsExceptionHandling.App\AsyncMethodsExceptionHandling.App.csproj", "{A78E81ED-5CF3-4690-B242-7C12D294094E}"
EndProject
Global
	GlobalSection(SolutionConfigurationPlatforms) = preSolution
		Debug|Any CPU = Debug|Any CPU
		Release|Any CPU = Release|Any CPU
	EndGlobalSection
	GlobalSection(ProjectConfigurationPlatforms) = postSolution
		{3D28F048-9DC8-4620-BE7E-FA02D10AE77C}.Debug|Any CPU.ActiveCfg = Debug|Any CPU
		{3D28F048-9DC8-4620-BE7E-FA02D10AE77C}.Debug|Any CPU.Build.0 = Debug|Any CPU
		{3D28F048-9DC8-4620-BE7E-FA02D10AE77C}.Release|Any CPU.ActiveCfg = Release|Any CPU
		{3D28F048-9DC8-4620-BE7E-FA02D10AE77C}.Release|Any CPU.Build.0 = Release|Any CPU
		{A78E81ED-5CF3-4690-B242-7C12D294094E}.Debug|Any CPU.ActiveCfg = Debug|Any CPU
		{A78E81ED-5CF3-4690-B242-7C12D294094E}.Debug|Any CPU.Build.0 = Debug|Any CPU
		{A78E81ED-5CF3-4690-B242-7C12D294094E}.Release|Any CPU.ActiveCfg = Release|Any CPU
		{A78E81ED-5CF3-4690-B242-7C12D294094E}.Release|Any CPU.Build.0 = Release|Any CPU
	EndGlobalSection
EndGlobal
